// !$*UTF8*$!
{
	archiveVersion = 1;
	classes = {
	};
	objectVersion = 46;
	objects = {

/* Begin PBXBuildFile section */
		F3210A111907C5F6005A526F /* Foundation.framework in Frameworks */ = {isa = PBXBuildFile; fileRef = F3210A101907C5F6005A526F /* Foundation.framework */; };
		F3210A131907C5F6005A526F /* CoreGraphics.framework in Frameworks */ = {isa = PBXBuildFile; fileRef = F3210A121907C5F6005A526F /* CoreGraphics.framework */; };
		F3210A151907C5F6005A526F /* UIKit.framework in Frameworks */ = {isa = PBXBuildFile; fileRef = F3210A141907C5F6005A526F /* UIKit.framework */; };
		F3210A1B1907C5F6005A526F /* InfoPlist.strings in Resources */ = {isa = PBXBuildFile; fileRef = F3210A191907C5F6005A526F /* InfoPlist.strings */; };
		F3210A1D1907C5F6005A526F /* main.m in Sources */ = {isa = PBXBuildFile; fileRef = F3210A1C1907C5F6005A526F /* main.m */; };
		F3210A211907C5F6005A526F /* BAppDelegate.m in Sources */ = {isa = PBXBuildFile; fileRef = F3210A201907C5F6005A526F /* BAppDelegate.m */; };
		F3210A241907C5F6005A526F /* Main.storyboard in Resources */ = {isa = PBXBuildFile; fileRef = F3210A221907C5F6005A526F /* Main.storyboard */; };
		F3210A271907C5F6005A526F /* BViewController.m in Sources */ = {isa = PBXBuildFile; fileRef = F3210A261907C5F6005A526F /* BViewController.m */; };
		F3210A291907C5F6005A526F /* Images.xcassets in Resources */ = {isa = PBXBuildFile; fileRef = F3210A281907C5F6005A526F /* Images.xcassets */; };
		F3210A301907C5F6005A526F /* XCTest.framework in Frameworks */ = {isa = PBXBuildFile; fileRef = F3210A2F1907C5F6005A526F /* XCTest.framework */; };
		F3210A311907C5F6005A526F /* Foundation.framework in Frameworks */ = {isa = PBXBuildFile; fileRef = F3210A101907C5F6005A526F /* Foundation.framework */; };
		F3210A321907C5F6005A526F /* UIKit.framework in Frameworks */ = {isa = PBXBuildFile; fileRef = F3210A141907C5F6005A526F /* UIKit.framework */; };
		F3210A3A1907C5F6005A526F /* InfoPlist.strings in Resources */ = {isa = PBXBuildFile; fileRef = F3210A381907C5F6005A526F /* InfoPlist.strings */; };
		F3210A3C1907C5F6005A526F /* UIBezierPathTests.m in Sources */ = {isa = PBXBuildFile; fileRef = F3210A3B1907C5F6005A526F /* UIBezierPathTests.m */; };
		F3210A471907C656005A526F /* D1.m in Sources */ = {isa = PBXBuildFile; fileRef = F3210A461907C656005A526F /* D1.m */; };
		F3210A491907C86C005A526F /* ReadMe.md in Resources */ = {isa = PBXBuildFile; fileRef = F3210A481907C86C005A526F /* ReadMe.md */; };
/* End PBXBuildFile section */

/* Begin PBXContainerItemProxy section */
		F3210A331907C5F6005A526F /* PBXContainerItemProxy */ = {
			isa = PBXContainerItemProxy;
			containerPortal = F3210A051907C5F6005A526F /* Project object */;
			proxyType = 1;
			remoteGlobalIDString = F3210A0C1907C5F6005A526F;
			remoteInfo = UIBezierPath;
		};
/* End PBXContainerItemProxy section */

/* Begin PBXFileReference section */
		F3210A0D1907C5F6005A526F /* UIBezierPath.app */ = {isa = PBXFileReference; explicitFileType = wrapper.application; includeInIndex = 0; path = UIBezierPath.app; sourceTree = BUILT_PRODUCTS_DIR; };
		F3210A101907C5F6005A526F /* Foundation.framework */ = {isa = PBXFileReference; lastKnownFileType = wrapper.framework; name = Foundation.framework; path = System/Library/Frameworks/Foundation.framework; sourceTree = SDKROOT; };
		F3210A121907C5F6005A526F /* CoreGraphics.framework */ = {isa = PBXFileReference; lastKnownFileType = wrapper.framework; name = CoreGraphics.framework; path = System/Library/Frameworks/CoreGraphics.framework; sourceTree = SDKROOT; };
		F3210A141907C5F6005A526F /* UIKit.framework */ = {isa = PBXFileReference; lastKnownFileType = wrapper.framework; name = UIKit.framework; path = System/Library/Frameworks/UIKit.framework; sourceTree = SDKROOT; };
		F3210A181907C5F6005A526F /* UIBezierPath-Info.plist */ = {isa = PBXFileReference; lastKnownFileType = text.plist.xml; path = "UIBezierPath-Info.plist"; sourceTree = "<group>"; };
		F3210A1A1907C5F6005A526F /* en */ = {isa = PBXFileReference; lastKnownFileType = text.plist.strings; name = en; path = en.lproj/InfoPlist.strings; sourceTree = "<group>"; };
		F3210A1C1907C5F6005A526F /* main.m */ = {isa = PBXFileReference; lastKnownFileType = sourcecode.c.objc; path = main.m; sourceTree = "<group>"; };
		F3210A1E1907C5F6005A526F /* UIBezierPath-Prefix.pch */ = {isa = PBXFileReference; lastKnownFileType = sourcecode.c.h; path = "UIBezierPath-Prefix.pch"; sourceTree = "<group>"; };
		F3210A1F1907C5F6005A526F /* BAppDelegate.h */ = {isa = PBXFileReference; lastKnownFileType = sourcecode.c.h; path = BAppDelegate.h; sourceTree = "<group>"; };
		F3210A201907C5F6005A526F /* BAppDelegate.m */ = {isa = PBXFileReference; lastKnownFileType = sourcecode.c.objc; path = BAppDelegate.m; sourceTree = "<group>"; };
		F3210A231907C5F6005A526F /* Base */ = {isa = PBXFileReference; lastKnownFileType = file.storyboard; name = Base; path = Base.lproj/Main.storyboard; sourceTree = "<group>"; };
		F3210A251907C5F6005A526F /* BViewController.h */ = {isa = PBXFileReference; lastKnownFileType = sourcecode.c.h; path = BViewController.h; sourceTree = "<group>"; };
		F3210A261907C5F6005A526F /* BViewController.m */ = {isa = PBXFileReference; lastKnownFileType = sourcecode.c.objc; path = BViewController.m; sourceTree = "<group>"; };
		F3210A281907C5F6005A526F /* Images.xcassets */ = {isa = PBXFileReference; lastKnownFileType = folder.assetcatalog; path = Images.xcassets; sourceTree = "<group>"; };
		F3210A2E1907C5F6005A526F /* UIBezierPathTests.xctest */ = {isa = PBXFileReference; explicitFileType = wrapper.cfbundle; includeInIndex = 0; path = UIBezierPathTests.xctest; sourceTree = BUILT_PRODUCTS_DIR; };
		F3210A2F1907C5F6005A526F /* XCTest.framework */ = {isa = PBXFileReference; lastKnownFileType = wrapper.framework; name = XCTest.framework; path = Library/Frameworks/XCTest.framework; sourceTree = DEVELOPER_DIR; };
		F3210A371907C5F6005A526F /* UIBezierPathTests-Info.plist */ = {isa = PBXFileReference; lastKnownFileType = text.plist.xml; path = "UIBezierPathTests-Info.plist"; sourceTree = "<group>"; };
		F3210A391907C5F6005A526F /* en */ = {isa = PBXFileReference; lastKnownFileType = text.plist.strings; name = en; path = en.lproj/InfoPlist.strings; sourceTree = "<group>"; };
		F3210A3B1907C5F6005A526F /* UIBezierPathTests.m */ = {isa = PBXFileReference; lastKnownFileType = sourcecode.c.objc; path = UIBezierPathTests.m; sourceTree = "<group>"; };
		F3210A451907C656005A526F /* D1.h */ = {isa = PBXFileReference; fileEncoding = 4; lastKnownFileType = sourcecode.c.h; path = D1.h; sourceTree = "<group>"; };
		F3210A461907C656005A526F /* D1.m */ = {isa = PBXFileReference; fileEncoding = 4; lastKnownFileType = sourcecode.c.objc; path = D1.m; sourceTree = "<group>"; };
		F3210A481907C86C005A526F /* ReadMe.md */ = {isa = PBXFileReference; fileEncoding = 4; lastKnownFileType = text; path = ReadMe.md; sourceTree = "<group>"; };
/* End PBXFileReference section */

/* Begin PBXFrameworksBuildPhase section */
		F3210A0A1907C5F6005A526F /* Frameworks */ = {
			isa = PBXFrameworksBuildPhase;
			buildActionMask = 2147483647;
			files = (
				F3210A131907C5F6005A526F /* CoreGraphics.framework in Frameworks */,
				F3210A151907C5F6005A526F /* UIKit.framework in Frameworks */,
				F3210A111907C5F6005A526F /* Foundation.framework in Frameworks */,
			);
			runOnlyForDeploymentPostprocessing = 0;
		};
		F3210A2B1907C5F6005A526F /* Frameworks */ = {
			isa = PBXFrameworksBuildPhase;
			buildActionMask = 2147483647;
			files = (
				F3210A301907C5F6005A526F /* XCTest.framework in Frameworks */,
				F3210A321907C5F6005A526F /* UIKit.framework in Frameworks */,
				F3210A311907C5F6005A526F /* Foundation.framework in Frameworks */,
			);
			runOnlyForDeploymentPostprocessing = 0;
		};
/* End PBXFrameworksBuildPhase section */

/* Begin PBXGroup section */
		F3210A041907C5F6005A526F = {
			isa = PBXGroup;
			children = (
				F3210A481907C86C005A526F /* ReadMe.md */,
				F3210A161907C5F6005A526F /* UIBezierPath */,
				F3210A351907C5F6005A526F /* UIBezierPathTests */,
				F3210A0F1907C5F6005A526F /* Frameworks */,
				F3210A0E1907C5F6005A526F /* Products */,
			);
			sourceTree = "<group>";
		};
		F3210A0E1907C5F6005A526F /* Products */ = {
			isa = PBXGroup;
			children = (
				F3210A0D1907C5F6005A526F /* UIBezierPath.app */,
				F3210A2E1907C5F6005A526F /* UIBezierPathTests.xctest */,
			);
			name = Products;
			sourceTree = "<group>";
		};
		F3210A0F1907C5F6005A526F /* Frameworks */ = {
			isa = PBXGroup;
			children = (
				F3210A101907C5F6005A526F /* Foundation.framework */,
				F3210A121907C5F6005A526F /* CoreGraphics.framework */,
				F3210A141907C5F6005A526F /* UIKit.framework */,
				F3210A2F1907C5F6005A526F /* XCTest.framework */,
			);
			name = Frameworks;
			sourceTree = "<group>";
		};
		F3210A161907C5F6005A526F /* UIBezierPath */ = {
			isa = PBXGroup;
			children = (
				F3210A1F1907C5F6005A526F /* BAppDelegate.h */,
				F3210A201907C5F6005A526F /* BAppDelegate.m */,
				F3210A221907C5F6005A526F /* Main.storyboard */,
				F3210A251907C5F6005A526F /* BViewController.h */,
				F3210A261907C5F6005A526F /* BViewController.m */,
				F3210A281907C5F6005A526F /* Images.xcassets */,
				F3210A171907C5F6005A526F /* Supporting Files */,
				F3210A451907C656005A526F /* D1.h */,
				F3210A461907C656005A526F /* D1.m */,
			);
			path = UIBezierPath;
			sourceTree = "<group>";
		};
		F3210A171907C5F6005A526F /* Supporting Files */ = {
			isa = PBXGroup;
			children = (
				F3210A181907C5F6005A526F /* UIBezierPath-Info.plist */,
				F3210A191907C5F6005A526F /* InfoPlist.strings */,
				F3210A1C1907C5F6005A526F /* main.m */,
				F3210A1E1907C5F6005A526F /* UIBezierPath-Prefix.pch */,
			);
			name = "Supporting Files";
			sourceTree = "<group>";
		};
		F3210A351907C5F6005A526F /* UIBezierPathTests */ = {
			isa = PBXGroup;
			children = (
				F3210A3B1907C5F6005A526F /* UIBezierPathTests.m */,
				F3210A361907C5F6005A526F /* Supporting Files */,
			);
			path = UIBezierPathTests;
			sourceTree = "<group>";
		};
		F3210A361907C5F6005A526F /* Supporting Files */ = {
			isa = PBXGroup;
			children = (
				F3210A371907C5F6005A526F /* UIBezierPathTests-Info.plist */,
				F3210A381907C5F6005A526F /* InfoPlist.strings */,
			);
			name = "Supporting Files";
			sourceTree = "<group>";
		};
/* End PBXGroup section */

/* Begin PBXNativeTarget section */
		F3210A0C1907C5F6005A526F /* UIBezierPath */ = {
			isa = PBXNativeTarget;
			buildConfigurationList = F3210A3F1907C5F6005A526F /* Build configuration list for PBXNativeTarget "UIBezierPath" */;
			buildPhases = (
				F3210A091907C5F6005A526F /* Sources */,
				F3210A0A1907C5F6005A526F /* Frameworks */,
				F3210A0B1907C5F6005A526F /* Resources */,
			);
			buildRules = (
			);
			dependencies = (
			);
			name = UIBezierPath;
			productName = UIBezierPath;
			productReference = F3210A0D1907C5F6005A526F /* UIBezierPath.app */;
			productType = "com.apple.product-type.application";
		};
		F3210A2D1907C5F6005A526F /* UIBezierPathTests */ = {
			isa = PBXNativeTarget;
			buildConfigurationList = F3210A421907C5F6005A526F /* Build configuration list for PBXNativeTarget "UIBezierPathTests" */;
			buildPhases = (
				F3210A2A1907C5F6005A526F /* Sources */,
				F3210A2B1907C5F6005A526F /* Frameworks */,
				F3210A2C1907C5F6005A526F /* Resources */,
			);
			buildRules = (
			);
			dependencies = (
				F3210A341907C5F6005A526F /* PBXTargetDependency */,
			);
			name = UIBezierPathTests;
			productName = UIBezierPathTests;
			productReference = F3210A2E1907C5F6005A526F /* UIBezierPathTests.xctest */;
			productType = "com.apple.product-type.bundle.unit-test";
		};
/* End PBXNativeTarget section */

/* Begin PBXProject section */
		F3210A051907C5F6005A526F /* Project object */ = {
			isa = PBXProject;
			attributes = {
				CLASSPREFIX = B;
				LastUpgradeCheck = 0510;
				ORGANIZATIONNAME = Yuninfo;
				TargetAttributes = {
					F3210A2D1907C5F6005A526F = {
						TestTargetID = F3210A0C1907C5F6005A526F;
					};
				};
			};
			buildConfigurationList = F3210A081907C5F6005A526F /* Build configuration list for PBXProject "UIBezierPath" */;
			compatibilityVersion = "Xcode 3.2";
			developmentRegion = English;
			hasScannedForEncodings = 0;
			knownRegions = (
				en,
				Base,
			);
			mainGroup = F3210A041907C5F6005A526F;
			productRefGroup = F3210A0E1907C5F6005A526F /* Products */;
			projectDirPath = "";
			projectRoot = "";
			targets = (
				F3210A0C1907C5F6005A526F /* UIBezierPath */,
				F3210A2D1907C5F6005A526F /* UIBezierPathTests */,
			);
		};
/* End PBXProject section */

/* Begin PBXResourcesBuildPhase section */
		F3210A0B1907C5F6005A526F /* Resources */ = {
			isa = PBXResourcesBuildPhase;
			buildActionMask = 2147483647;
			files = (
				F3210A291907C5F6005A526F /* Images.xcassets in Resources */,
				F3210A1B1907C5F6005A526F /* InfoPlist.strings in Resources */,
				F3210A491907C86C005A526F /* ReadMe.md in Resources */,
				F3210A241907C5F6005A526F /* Main.storyboard in Resources */,
			);
			runOnlyForDeploymentPostprocessing = 0;
		};
		F3210A2C1907C5F6005A526F /* Resources */ = {
			isa = PBXResourcesBuildPhase;
			buildActionMask = 2147483647;
			files = (
				F3210A3A1907C5F6005A526F /* InfoPlist.strings in Resources */,
			);
			runOnlyForDeploymentPostprocessing = 0;
		};
/* End PBXResourcesBuildPhase section */

/* Begin PBXSourcesBuildPhase section */
		F3210A091907C5F6005A526F /* Sources */ = {
			isa = PBXSourcesBuildPhase;
			buildActionMask = 2147483647;
			files = (
				F3210A471907C656005A526F /* D1.m in Sources */,
				F3210A1D1907C5F6005A526F /* main.m in Sources */,
				F3210A271907C5F6005A526F /* BViewController.m in Sources */,
				F3210A211907C5F6005A526F /* BAppDelegate.m in Sources */,
			);
			runOnlyForDeploymentPostprocessing = 0;
		};
		F3210A2A1907C5F6005A526F /* Sources */ = {
			isa = PBXSourcesBuildPhase;
			buildActionMask = 2147483647;
			files = (
				F3210A3C1907C5F6005A526F /* UIBezierPathTests.m in Sources */,
			);
			runOnlyForDeploymentPostprocessing = 0;
		};
/* End PBXSourcesBuildPhase section */

/* Begin PBXTargetDependency section */
		F3210A341907C5F6005A526F /* PBXTargetDependency */ = {
			isa = PBXTargetDependency;
			target = F3210A0C1907C5F6005A526F /* UIBezierPath */;
			targetProxy = F3210A331907C5F6005A526F /* PBXContainerItemProxy */;
		};
/* End PBXTargetDependency section */

/* Begin PBXVariantGroup section */
		F3210A191907C5F6005A526F /* InfoPlist.strings */ = {
			isa = PBXVariantGroup;
			children = (
				F3210A1A1907C5F6005A526F /* en */,
			);
			name = InfoPlist.strings;
			sourceTree = "<group>";
		};
		F3210A221907C5F6005A526F /* Main.storyboard */ = {
			isa = PBXVariantGroup;
			children = (
				F3210A231907C5F6005A526F /* Base */,
			);
			name = Main.storyboard;
			sourceTree = "<group>";
		};
		F3210A381907C5F6005A526F /* InfoPlist.strings */ = {
			isa = PBXVariantGroup;
			children = (
				F3210A391907C5F6005A526F /* en */,
			);
			name = InfoPlist.strings;
			sourceTree = "<group>";
		};
/* End PBXVariantGroup section */

/* Begin XCBuildConfiguration section */
		F3210A3D1907C5F6005A526F /* Debug */ = {
			isa = XCBuildConfiguration;
			buildSettings = {
				ALWAYS_SEARCH_USER_PATHS = NO;
				CLANG_CXX_LANGUAGE_STANDARD = "gnu++0x";
				CLANG_CXX_LIBRARY = "libc++";
				CLANG_ENABLE_MODULES = YES;
				CLANG_ENABLE_OBJC_ARC = YES;
				CLANG_WARN_BOOL_CONVERSION = YES;
				CLANG_WARN_CONSTANT_CONVERSION = YES;
				CLANG_WARN_DIRECT_OBJC_ISA_USAGE = YES_ERROR;
				CLANG_WARN_EMPTY_BODY = YES;
				CLANG_WARN_ENUM_CONVERSION = YES;
				CLANG_WARN_INT_CONVERSION = YES;
				CLANG_WARN_OBJC_ROOT_CLASS = YES_ERROR;
				CLANG_WARN__DUPLICATE_METHOD_MATCH = YES;
				"CODE_SIGN_IDENTITY[sdk=iphoneos*]" = "iPhone Developer";
				COPY_PHASE_STRIP = NO;
				GCC_C_LANGUAGE_STANDARD = gnu99;
				GCC_DYNAMIC_NO_PIC = NO;
				GCC_OPTIMIZATION_LEVEL = 0;
				GCC_PREPROCESSOR_DEFINITIONS = (
					"DEBUG=1",
					"$(inherited)",
				);
				GCC_SYMBOLS_PRIVATE_EXTERN = NO;
				GCC_WARN_64_TO_32_BIT_CONVERSION = YES;
				GCC_WARN_ABOUT_RETURN_TYPE = YES_ERROR;
				GCC_WARN_UNDECLARED_SELECTOR = YES;
				GCC_WARN_UNINITIALIZED_AUTOS = YES_AGGRESSIVE;
				GCC_WARN_UNUSED_FUNCTION = YES;
				GCC_WARN_UNUSED_VARIABLE = YES;
				IPHONEOS_DEPLOYMENT_TARGET = 7.1;
				ONLY_ACTIVE_ARCH = YES;
				SDKROOT = iphoneos;
			};
			name = Debug;
		};
		F3210A3E1907C5F6005A526F /* Release */ = {
			isa = XCBuildConfiguration;
			buildSettings = {
				ALWAYS_SEARCH_USER_PATHS = NO;
				CLANG_CXX_LANGUAGE_STANDARD = "gnu++0x";
				CLANG_CXX_LIBRARY = "libc++";
				CLANG_ENABLE_MODULES = YES;
				CLANG_ENABLE_OBJC_ARC = YES;
				CLANG_WARN_BOOL_CONVERSION = YES;
				CLANG_WARN_CONSTANT_CONVERSION = YES;
				CLANG_WARN_DIRECT_OBJC_ISA_USAGE = YES_ERROR;
				CLANG_WARN_EMPTY_BODY = YES;
				CLANG_WARN_ENUM_CONVERSION = YES;
				CLANG_WARN_INT_CONVERSION = YES;
				CLANG_WARN_OBJC_ROOT_CLASS = YES_ERROR;
				CLANG_WARN__DUPLICATE_METHOD_MATCH = YES;
				"CODE_SIGN_IDENTITY[sdk=iphoneos*]" = "iPhone Developer";
				COPY_PHASE_STRIP = YES;
				ENABLE_NS_ASSERTIONS = NO;
				GCC_C_LANGUAGE_STANDARD = gnu99;
				GCC_WARN_64_TO_32_BIT_CONVERSION = YES;
				GCC_WARN_ABOUT_RETURN_TYPE = YES_ERROR;
				GCC_WARN_UNDECLARED_SELECTOR = YES;
				GCC_WARN_UNINITIALIZED_AUTOS = YES_AGGRESSIVE;
				GCC_WARN_UNUSED_FUNCTION = YES;
				GCC_WARN_UNUSED_VARIABLE = YES;
				IPHONEOS_DEPLOYMENT_TARGET = 7.1;
				SDKROOT = iphoneos;
				VALIDATE_PRODUCT = YES;
			};
			name = Release;
		};
		F3210A401907C5F6005A526F /* Debug */ = {
			isa = XCBuildConfiguration;
			buildSettings = {
				ASSETCATALOG_COMPILER_APPICON_NAME = AppIcon;
				ASSETCATALOG_COMPILER_LAUNCHIMAGE_NAME = LaunchImage;
				GCC_PRECOMPILE_PREFIX_HEADER = YES;
				GCC_PREFIX_HEADER = "UIBezierPath/UIBezierPath-Prefix.pch";
				INFOPLIST_FILE = "UIBezierPath/UIBezierPath-Info.plist";
				PRODUCT_NAME = "$(TARGET_NAME)";
				WRAPPER_EXTENSION = app;
			};
			name = Debug;
		};
		F3210A411907C5F6005A526F /* Release */ = {
			isa = XCBuildConfiguration;
			buildSettings = {
				ASSETCATALOG_COMPILER_APPICON_NAME = AppIcon;
				ASSETCATALOG_COMPILER_LAUNCHIMAGE_NAME = LaunchImage;
				GCC_PRECOMPILE_PREFIX_HEADER = YES;
				GCC_PREFIX_HEADER = "UIBezierPath/UIBezierPath-Prefix.pch";
				INFOPLIST_FILE = "UIBezierPath/UIBezierPath-Info.plist";
				PRODUCT_NAME = "$(TARGET_NAME)";
				WRAPPER_EXTENSION = app;
			};
			name = Release;
		};
		F3210A431907C5F6005A526F /* Debug */ = {
			isa = XCBuildConfiguration;
			buildSettings = {
				BUNDLE_LOADER = "$(BUILT_PRODUCTS_DIR)/UIBezierPath.app/UIBezierPath";
				FRAMEWORK_SEARCH_PATHS = (
					"$(SDKROOT)/Developer/Library/Frameworks",
					"$(inherited)",
					"$(DEVELOPER_FRAMEWORKS_DIR)",
				);
				GCC_PRECOMPILE_PREFIX_HEADER = YES;
				GCC_PREFIX_HEADER = "UIBezierPath/UIBezierPath-Prefix.pch";
				GCC_PREPROCESSOR_DEFINITIONS = (
					"DEBUG=1",
					"$(inherited)",
				);
				INFOPLIST_FILE = "UIBezierPathTests/UIBezierPathTests-Info.plist";
				PRODUCT_NAME = "$(TARGET_NAME)";
				TEST_HOST = "$(BUNDLE_LOADER)";
				WRAPPER_EXTENSION = xctest;
			};
			name = Debug;
		};
		F3210A441907C5F6005A526F /* Release */ = {
			isa = XCBuildConfiguration;
			buildSettings = {
				BUNDLE_LOADER = "$(BUILT_PRODUCTS_DIR)/UIBezierPath.app/UIBezierPath";
				FRAMEWORK_SEARCH_PATHS = (
					"$(SDKROOT)/Developer/Library/Frameworks",
					"$(inherited)",
					"$(DEVELOPER_FRAMEWORKS_DIR)",
				);
				GCC_PRECOMPILE_PREFIX_HEADER = YES;
				GCC_PREFIX_HEADER = "UIBezierPath/UIBezierPath-Prefix.pch";
				INFOPLIST_FILE = "UIBezierPathTests/UIBezierPathTests-Info.plist";
				PRODUCT_NAME = "$(TARGET_NAME)";
				TEST_HOST = "$(BUNDLE_LOADER)";
				WRAPPER_EXTENSION = xctest;
			};
			name = Release;
		};
/* End XCBuildConfiguration section */

/* Begin XCConfigurationList section */
		F3210A081907C5F6005A526F /* Build configuration list for PBXProject "UIBezierPath" */ = {
			isa = XCConfigurationList;
			buildConfigurations = (
				F3210A3D1907C5F6005A526F /* Debug */,
				F3210A3E1907C5F6005A526F /* Release */,
			);
			defaultConfigurationIsVisible = 0;
			defaultConfigurationName = Release;
		};
		F3210A3F1907C5F6005A526F /* Build configuration list for PBXNativeTarget "UIBezierPath" */ = {
			isa = XCConfigurationList;
			buildConfigurations = (
				F3210A401907C5F6005A526F /* Debug */,
				F3210A411907C5F6005A526F /* Release */,
			);
			defaultConfigurationIsVisible = 0;
		};
		F3210A421907C5F6005A526F /* Build configuration list for PBXNativeTarget "UIBezierPathTests" */ = {
			isa = XCConfigurationList;
			buildConfigurations = (
				F3210A431907C5F6005A526F /* Debug */,
				F3210A441907C5F6005A526F /* Release */,
			);
			defaultConfigurationIsVisible = 0;
		};
/* End XCConfigurationList section */
	};
	rootObject = F3210A051907C5F6005A526F /* Project object */;
}
